
Microsoft Visual Studio Solution File, Format Version 12.00
# Visual Studio Version 17
VisualStudioVersion = 17.4.33110.190
MinimumVisualStudioVersion = 10.0.40219.1
Project("{FAE04EC0-301F-11D3-BF4B-00C04F79EFBC}") = "HW_GB_OOP_001", "HW_GB_OOP_001\HW_GB_OOP_001.csproj", "{50108484-6428-423A-8367-4A136CEB0765}"
EndProject
Global
	GlobalSection(SolutionConfigurationPlatforms) = preSolution
		Debug|Any CPU = Debug|Any CPU
		Release|Any CPU = Release|Any CPU
	EndGlobalSection
	GlobalSection(ProjectConfigurationPlatforms) = postSolution
		{50108484-6428-423A-8367-4A136CEB0765}.Debug|Any CPU.ActiveCfg = Debug|Any CPU
		{50108484-6428-423A-8367-4A136CEB0765}.Debug|Any CPU.Build.0 = Debug|Any CPU
		{50108484-6428-423A-8367-4A136CEB0765}.Release|Any CPU.ActiveCfg = Release|Any CPU
		{50108484-6428-423A-8367-4A136CEB0765}.Release|Any CPU.Build.0 = Release|Any CPU
	EndGlobalSection
	GlobalSection(SolutionProperties) = preSolution
		HideSolutionNode = FALSE
	EndGlobalSection
	GlobalSection(ExtensibilityGlobals) = postSolution
		SolutionGuid = {0579E555-B429-4AD1-8C1B-5EB0C31D434B}
	EndGlobalSection
EndGlobal
